// !$*UTF8*$!
{
	archiveVersion = 1;
	classes = {
	};
	objectVersion = 55;
	objects = {

/* Begin PBXBuildFile section */
		5A9B348428A8D205001259E2 /* kakao_login_tutorialApp.swift in Sources */ = {isa = PBXBuildFile; fileRef = 5A9B348328A8D205001259E2 /* kakao_login_tutorialApp.swift */; };
		5A9B348628A8D205001259E2 /* ContentView.swift in Sources */ = {isa = PBXBuildFile; fileRef = 5A9B348528A8D205001259E2 /* ContentView.swift */; };
		5A9B348828A8D206001259E2 /* Assets.xcassets in Resources */ = {isa = PBXBuildFile; fileRef = 5A9B348728A8D206001259E2 /* Assets.xcassets */; };
		5A9B348B28A8D206001259E2 /* Preview Assets.xcassets in Resources */ = {isa = PBXBuildFile; fileRef = 5A9B348A28A8D206001259E2 /* Preview Assets.xcassets */; };
		5A9B349328A8D22F001259E2 /* KakaoSDK in Frameworks */ = {isa = PBXBuildFile; productRef = 5A9B349228A8D22F001259E2 /* KakaoSDK */; };
		5A9B349528A8D22F001259E2 /* KakaoSDKAuth in Frameworks */ = {isa = PBXBuildFile; productRef = 5A9B349428A8D22F001259E2 /* KakaoSDKAuth */; };
		5A9B349728A8D22F001259E2 /* KakaoSDKCommon in Frameworks */ = {isa = PBXBuildFile; productRef = 5A9B349628A8D22F001259E2 /* KakaoSDKCommon */; };
		5A9B349928A8D22F001259E2 /* KakaoSDKCommonCore in Frameworks */ = {isa = PBXBuildFile; productRef = 5A9B349828A8D22F001259E2 /* KakaoSDKCommonCore */; };
		5A9B349B28A8D22F001259E2 /* KakaoSDKNavi in Frameworks */ = {isa = PBXBuildFile; productRef = 5A9B349A28A8D22F001259E2 /* KakaoSDKNavi */; };
		5A9B349D28A8D22F001259E2 /* KakaoSDKShare in Frameworks */ = {isa = PBXBuildFile; productRef = 5A9B349C28A8D22F001259E2 /* KakaoSDKShare */; };
		5A9B349F28A8D22F001259E2 /* KakaoSDKStory in Frameworks */ = {isa = PBXBuildFile; productRef = 5A9B349E28A8D22F001259E2 /* KakaoSDKStory */; };
		5A9B34A128A8D22F001259E2 /* KakaoSDKTalk in Frameworks */ = {isa = PBXBuildFile; productRef = 5A9B34A028A8D22F001259E2 /* KakaoSDKTalk */; };
		5A9B34A328A8D22F001259E2 /* KakaoSDKTemplate in Frameworks */ = {isa = PBXBuildFile; productRef = 5A9B34A228A8D22F001259E2 /* KakaoSDKTemplate */; };
		5A9B34A528A8D22F001259E2 /* KakaoSDKUser in Frameworks */ = {isa = PBXBuildFile; productRef = 5A9B34A428A8D22F001259E2 /* KakaoSDKUser */; };
		5A9B34A928A8D278001259E2 /* MyAppDelegate.swift in Sources */ = {isa = PBXBuildFile; fileRef = 5A9B34A628A8D277001259E2 /* MyAppDelegate.swift */; };
		5A9B34AA28A8D278001259E2 /* MySceneDelegate.swift in Sources */ = {isa = PBXBuildFile; fileRef = 5A9B34A728A8D277001259E2 /* MySceneDelegate.swift */; };
		5A9B34AB28A8D278001259E2 /* Config.xcconfig in Resources */ = {isa = PBXBuildFile; fileRef = 5A9B34A828A8D277001259E2 /* Config.xcconfig */; };
		5A9B34AE28A8D88C001259E2 /* KakaoAuthVM.swift in Sources */ = {isa = PBXBuildFile; fileRef = 5A9B34AD28A8D88C001259E2 /* KakaoAuthVM.swift */; };
		5AA9B7F428B45C85009BD39F /* ApiClient.swift in Sources */ = {isa = PBXBuildFile; fileRef = 5AA9B7F128B45C85009BD39F /* ApiClient.swift */; };
		5AA9B7F528B45C85009BD39F /* TodoResponse.swift in Sources */ = {isa = PBXBuildFile; fileRef = 5AA9B7F228B45C85009BD39F /* TodoResponse.swift */; };
		5AA9B7F628B45C85009BD39F /* API.swift in Sources */ = {isa = PBXBuildFile; fileRef = 5AA9B7F328B45C85009BD39F /* API.swift */; };
/* End PBXBuildFile section */

/* Begin PBXFileReference section */
		5A9B348028A8D205001259E2 /* kakao-login-tutorial.app */ = {isa = PBXFileReference; explicitFileType = wrapper.application; includeInIndex = 0; path = "kakao-login-tutorial.app"; sourceTree = BUILT_PRODUCTS_DIR; };
		5A9B348328A8D205001259E2 /* kakao_login_tutorialApp.swift */ = {isa = PBXFileReference; lastKnownFileType = sourcecode.swift; path = kakao_login_tutorialApp.swift; sourceTree = "<group>"; };
		5A9B348528A8D205001259E2 /* ContentView.swift */ = {isa = PBXFileReference; lastKnownFileType = sourcecode.swift; path = ContentView.swift; sourceTree = "<group>"; };
		5A9B348728A8D206001259E2 /* Assets.xcassets */ = {isa = PBXFileReference; lastKnownFileType = folder.assetcatalog; path = Assets.xcassets; sourceTree = "<group>"; };
		5A9B348A28A8D206001259E2 /* Preview Assets.xcassets */ = {isa = PBXFileReference; lastKnownFileType = folder.assetcatalog; path = "Preview Assets.xcassets"; sourceTree = "<group>"; };
		5A9B34A628A8D277001259E2 /* MyAppDelegate.swift */ = {isa = PBXFileReference; fileEncoding = 4; lastKnownFileType = sourcecode.swift; path = MyAppDelegate.swift; sourceTree = "<group>"; };
		5A9B34A728A8D277001259E2 /* MySceneDelegate.swift */ = {isa = PBXFileReference; fileEncoding = 4; lastKnownFileType = sourcecode.swift; path = MySceneDelegate.swift; sourceTree = "<group>"; };
		5A9B34A828A8D277001259E2 /* Config.xcconfig */ = {isa = PBXFileReference; fileEncoding = 4; lastKnownFileType = text.xcconfig; path = Config.xcconfig; sourceTree = "<group>"; };
		5A9B34AC28A8D322001259E2 /* Info.plist */ = {isa = PBXFileReference; lastKnownFileType = text.plist; path = Info.plist; sourceTree = "<group>"; };
		5A9B34AD28A8D88C001259E2 /* KakaoAuthVM.swift */ = {isa = PBXFileReference; lastKnownFileType = sourcecode.swift; path = KakaoAuthVM.swift; sourceTree = "<group>"; };
		5AA9B7F128B45C85009BD39F /* ApiClient.swift */ = {isa = PBXFileReference; fileEncoding = 4; lastKnownFileType = sourcecode.swift; path = ApiClient.swift; sourceTree = "<group>"; };
		5AA9B7F228B45C85009BD39F /* TodoResponse.swift */ = {isa = PBXFileReference; fileEncoding = 4; lastKnownFileType = sourcecode.swift; path = TodoResponse.swift; sourceTree = "<group>"; };
		5AA9B7F328B45C85009BD39F /* API.swift */ = {isa = PBXFileReference; fileEncoding = 4; lastKnownFileType = sourcecode.swift; path = API.swift; sourceTree = "<group>"; };
/* End PBXFileReference section */

/* Begin PBXFrameworksBuildPhase section */
		5A9B347D28A8D205001259E2 /* Frameworks */ = {
			isa = PBXFrameworksBuildPhase;
			buildActionMask = 2147483647;
			files = (
				5A9B349328A8D22F001259E2 /* KakaoSDK in Frameworks */,
				5A9B34A128A8D22F001259E2 /* KakaoSDKTalk in Frameworks */,
				5A9B349928A8D22F001259E2 /* KakaoSDKCommonCore in Frameworks */,
				5A9B349B28A8D22F001259E2 /* KakaoSDKNavi in Frameworks */,
				5A9B349F28A8D22F001259E2 /* KakaoSDKStory in Frameworks */,
				5A9B34A328A8D22F001259E2 /* KakaoSDKTemplate in Frameworks */,
				5A9B349728A8D22F001259E2 /* KakaoSDKCommon in Frameworks */,
				5A9B349528A8D22F001259E2 /* KakaoSDKAuth in Frameworks */,
				5A9B34A528A8D22F001259E2 /* KakaoSDKUser in Frameworks */,
				5A9B349D28A8D22F001259E2 /* KakaoSDKShare in Frameworks */,
			);
			runOnlyForDeploymentPostprocessing = 0;
		};
/* End PBXFrameworksBuildPhase section */

/* Begin PBXGroup section */
		5A9B347728A8D205001259E2 = {
			isa = PBXGroup;
			children = (
				5A9B348228A8D205001259E2 /* kakao-login-tutorial */,
				5A9B348128A8D205001259E2 /* Products */,
			);
			sourceTree = "<group>";
		};
		5A9B348128A8D205001259E2 /* Products */ = {
			isa = PBXGroup;
			children = (
				5A9B348028A8D205001259E2 /* kakao-login-tutorial.app */,
			);
			name = Products;
			sourceTree = "<group>";
		};
		5A9B348228A8D205001259E2 /* kakao-login-tutorial */ = {
			isa = PBXGroup;
			children = (
				5A9B34AC28A8D322001259E2 /* Info.plist */,
				5A9B34A828A8D277001259E2 /* Config.xcconfig */,
				5A9B34A628A8D277001259E2 /* MyAppDelegate.swift */,
				5A9B34A728A8D277001259E2 /* MySceneDelegate.swift */,
				5A9B348328A8D205001259E2 /* kakao_login_tutorialApp.swift */,
				5A9B348528A8D205001259E2 /* ContentView.swift */,
				5A9B348728A8D206001259E2 /* Assets.xcassets */,
				5A9B348928A8D206001259E2 /* Preview Content */,
				5A9B34AD28A8D88C001259E2 /* KakaoAuthVM.swift */,
				5AA9B7F328B45C85009BD39F /* API.swift */,
				5AA9B7F128B45C85009BD39F /* ApiClient.swift */,
				5AA9B7F228B45C85009BD39F /* TodoResponse.swift */,
			);
			path = "kakao-login-tutorial";
			sourceTree = "<group>";
		};
		5A9B348928A8D206001259E2 /* Preview Content */ = {
			isa = PBXGroup;
			children = (
				5A9B348A28A8D206001259E2 /* Preview Assets.xcassets */,
			);
			path = "Preview Content";
			sourceTree = "<group>";
		};
/* End PBXGroup section */

/* Begin PBXNativeTarget section */
		5A9B347F28A8D205001259E2 /* kakao-login-tutorial */ = {
			isa = PBXNativeTarget;
			buildConfigurationList = 5A9B348E28A8D206001259E2 /* Build configuration list for PBXNativeTarget "kakao-login-tutorial" */;
			buildPhases = (
				5A9B347C28A8D205001259E2 /* Sources */,
				5A9B347D28A8D205001259E2 /* Frameworks */,
				5A9B347E28A8D205001259E2 /* Resources */,
			);
			buildRules = (
			);
			dependencies = (
			);
			name = "kakao-login-tutorial";
			packageProductDependencies = (
				5A9B349228A8D22F001259E2 /* KakaoSDK */,
				5A9B349428A8D22F001259E2 /* KakaoSDKAuth */,
				5A9B349628A8D22F001259E2 /* KakaoSDKCommon */,
				5A9B349828A8D22F001259E2 /* KakaoSDKCommonCore */,
				5A9B349A28A8D22F001259E2 /* KakaoSDKNavi */,
				5A9B349C28A8D22F001259E2 /* KakaoSDKShare */,
				5A9B349E28A8D22F001259E2 /* KakaoSDKStory */,
				5A9B34A028A8D22F001259E2 /* KakaoSDKTalk */,
				5A9B34A228A8D22F001259E2 /* KakaoSDKTemplate */,
				5A9B34A428A8D22F001259E2 /* KakaoSDKUser */,
			);
			productName = "kakao-login-tutorial";
			productReference = 5A9B348028A8D205001259E2 /* kakao-login-tutorial.app */;
			productType = "com.apple.product-type.application";
		};
/* End PBXNativeTarget section */

/* Begin PBXProject section */
		5A9B347828A8D205001259E2 /* Project object */ = {
			isa = PBXProject;
			attributes = {
				BuildIndependentTargetsInParallel = 1;
				LastSwiftUpdateCheck = 1340;
				LastUpgradeCheck = 1340;
				TargetAttributes = {
					5A9B347F28A8D205001259E2 = {
						CreatedOnToolsVersion = 13.4.1;
					};
				};
			};
			buildConfigurationList = 5A9B347B28A8D205001259E2 /* Build configuration list for PBXProject "kakao-login-tutorial" */;
			compatibilityVersion = "Xcode 13.0";
			developmentRegion = en;
			hasScannedForEncodings = 0;
			knownRegions = (
				en,
				Base,
			);
			mainGroup = 5A9B347728A8D205001259E2;
			packageReferences = (
				5A9B349128A8D22F001259E2 /* XCRemoteSwiftPackageReference "kakao-ios-sdk" */,
			);
			productRefGroup = 5A9B348128A8D205001259E2 /* Products */;
			projectDirPath = "";
			projectRoot = "";
			targets = (
				5A9B347F28A8D205001259E2 /* kakao-login-tutorial */,
			);
		};
/* End PBXProject section */

/* Begin PBXResourcesBuildPhase section */
		5A9B347E28A8D205001259E2 /* Resources */ = {
			isa = PBXResourcesBuildPhase;
			buildActionMask = 2147483647;
			files = (
				5A9B348B28A8D206001259E2 /* Preview Assets.xcassets in Resources */,
				5A9B34AB28A8D278001259E2 /* Config.xcconfig in Resources */,
				5A9B348828A8D206001259E2 /* Assets.xcassets in Resources */,
			);
			runOnlyForDeploymentPostprocessing = 0;
		};
/* End PBXResourcesBuildPhase section */

/* Begin PBXSourcesBuildPhase section */
		5A9B347C28A8D205001259E2 /* Sources */ = {
			isa = PBXSourcesBuildPhase;
			buildActionMask = 2147483647;
			files = (
				5A9B348628A8D205001259E2 /* ContentView.swift in Sources */,
				5A9B34A928A8D278001259E2 /* MyAppDelegate.swift in Sources */,
				5A9B348428A8D205001259E2 /* kakao_login_tutorialApp.swift in Sources */,
				5A9B34AA28A8D278001259E2 /* MySceneDelegate.swift in Sources */,
				5A9B34AE28A8D88C001259E2 /* KakaoAuthVM.swift in Sources */,
				5AA9B7F428B45C85009BD39F /* ApiClient.swift in Sources */,
				5AA9B7F628B45C85009BD39F /* API.swift in Sources */,
				5AA9B7F528B45C85009BD39F /* TodoResponse.swift in Sources */,
			);
			runOnlyForDeploymentPostprocessing = 0;
		};
/* End PBXSourcesBuildPhase section */

/* Begin XCBuildConfiguration section */
		5A9B348C28A8D206001259E2 /* Debug */ = {
			isa = XCBuildConfiguration;
			baseConfigurationReference = 5A9B34A828A8D277001259E2 /* Config.xcconfig */;
			buildSettings = {
				ALWAYS_SEARCH_USER_PATHS = NO;
				CLANG_ANALYZER_NONNULL = YES;
				CLANG_ANALYZER_NUMBER_OBJECT_CONVERSION = YES_AGGRESSIVE;
				CLANG_CXX_LANGUAGE_STANDARD = "gnu++17";
				CLANG_ENABLE_MODULES = YES;
				CLANG_ENABLE_OBJC_ARC = YES;
				CLANG_ENABLE_OBJC_WEAK = YES;
				CLANG_WARN_BLOCK_CAPTURE_AUTORELEASING = YES;
				CLANG_WARN_BOOL_CONVERSION = YES;
				CLANG_WARN_COMMA = YES;
				CLANG_WARN_CONSTANT_CONVERSION = YES;
				CLANG_WARN_DEPRECATED_OBJC_IMPLEMENTATIONS = YES;
				CLANG_WARN_DIRECT_OBJC_ISA_USAGE = YES_ERROR;
				CLANG_WARN_DOCUMENTATION_COMMENTS = YES;
				CLANG_WARN_EMPTY_BODY = YES;
				CLANG_WARN_ENUM_CONVERSION = YES;
				CLANG_WARN_INFINITE_RECURSION = YES;
				CLANG_WARN_INT_CONVERSION = YES;
				CLANG_WARN_NON_LITERAL_NULL_CONVERSION = YES;
				CLANG_WARN_OBJC_IMPLICIT_RETAIN_SELF = YES;
				CLANG_WARN_OBJC_LITERAL_CONVERSION = YES;
				CLANG_WARN_OBJC_ROOT_CLASS = YES_ERROR;
				CLANG_WARN_QUOTED_INCLUDE_IN_FRAMEWORK_HEADER = YES;
				CLANG_WARN_RANGE_LOOP_ANALYSIS = YES;
				CLANG_WARN_STRICT_PROTOTYPES = YES;
				CLANG_WARN_SUSPICIOUS_MOVE = YES;
				CLANG_WARN_UNGUARDED_AVAILABILITY = YES_AGGRESSIVE;
				CLANG_WARN_UNREACHABLE_CODE = YES;
				CLANG_WARN__DUPLICATE_METHOD_MATCH = YES;
				COPY_PHASE_STRIP = NO;
				DEBUG_INFORMATION_FORMAT = dwarf;
				ENABLE_STRICT_OBJC_MSGSEND = YES;
				ENABLE_TESTABILITY = YES;
				GCC_C_LANGUAGE_STANDARD = gnu11;
				GCC_DYNAMIC_NO_PIC = NO;
				GCC_NO_COMMON_BLOCKS = YES;
				GCC_OPTIMIZATION_LEVEL = 0;
				GCC_PREPROCESSOR_DEFINITIONS = (
					"DEBUG=1",
					"$(inherited)",
				);
				GCC_WARN_64_TO_32_BIT_CONVERSION = YES;
				GCC_WARN_ABOUT_RETURN_TYPE = YES_ERROR;
				GCC_WARN_UNDECLARED_SELECTOR = YES;
				GCC_WARN_UNINITIALIZED_AUTOS = YES_AGGRESSIVE;
				GCC_WARN_UNUSED_FUNCTION = YES;
				GCC_WARN_UNUSED_VARIABLE = YES;
				IPHONEOS_DEPLOYMENT_TARGET = 15.5;
				MTL_ENABLE_DEBUG_INFO = INCLUDE_SOURCE;
				MTL_FAST_MATH = YES;
				ONLY_ACTIVE_ARCH = YES;
				SDKROOT = iphoneos;
				SWIFT_ACTIVE_COMPILATION_CONDITIONS = DEBUG;
				SWIFT_OPTIMIZATION_LEVEL = "-Onone";
			};
			name = Debug;
		};
		5A9B348D28A8D206001259E2 /* Release */ = {
			isa = XCBuildConfiguration;
			baseConfigurationReference = 5A9B34A828A8D277001259E2 /* Config.xcconfig */;
			buildSettings = {
				ALWAYS_SEARCH_USER_PATHS = NO;
				CLANG_ANALYZER_NONNULL = YES;
				CLANG_ANALYZER_NUMBER_OBJECT_CONVERSION = YES_AGGRESSIVE;
				CLANG_CXX_LANGUAGE_STANDARD = "gnu++17";
				CLANG_ENABLE_MODULES = YES;
				CLANG_ENABLE_OBJC_ARC = YES;
				CLANG_ENABLE_OBJC_WEAK = YES;
				CLANG_WARN_BLOCK_CAPTURE_AUTORELEASING = YES;
				CLANG_WARN_BOOL_CONVERSION = YES;
				CLANG_WARN_COMMA = YES;
				CLANG_WARN_CONSTANT_CONVERSION = YES;
				CLANG_WARN_DEPRECATED_OBJC_IMPLEMENTATIONS = YES;
				CLANG_WARN_DIRECT_OBJC_ISA_USAGE = YES_ERROR;
				CLANG_WARN_DOCUMENTATION_COMMENTS = YES;
				CLANG_WARN_EMPTY_BODY = YES;
				CLANG_WARN_ENUM_CONVERSION = YES;
				CLANG_WARN_INFINITE_RECURSION = YES;
				CLANG_WARN_INT_CONVERSION = YES;
				CLANG_WARN_NON_LITERAL_NULL_CONVERSION = YES;
				CLANG_WARN_OBJC_IMPLICIT_RETAIN_SELF = YES;
				CLANG_WARN_OBJC_LITERAL_CONVERSION = YES;
				CLANG_WARN_OBJC_ROOT_CLASS = YES_ERROR;
				CLANG_WARN_QUOTED_INCLUDE_IN_FRAMEWORK_HEADER = YES;
				CLANG_WARN_RANGE_LOOP_ANALYSIS = YES;
				CLANG_WARN_STRICT_PROTOTYPES = YES;
				CLANG_WARN_SUSPICIOUS_MOVE = YES;
				CLANG_WARN_UNGUARDED_AVAILABILITY = YES_AGGRESSIVE;
				CLANG_WARN_UNREACHABLE_CODE = YES;
				CLANG_WARN__DUPLICATE_METHOD_MATCH = YES;
				COPY_PHASE_STRIP = NO;
				DEBUG_INFORMATION_FORMAT = "dwarf-with-dsym";
				ENABLE_NS_ASSERTIONS = NO;
				ENABLE_STRICT_OBJC_MSGSEND = YES;
				GCC_C_LANGUAGE_STANDARD = gnu11;
				GCC_NO_COMMON_BLOCKS = YES;
				GCC_WARN_64_TO_32_BIT_CONVERSION = YES;
				GCC_WARN_ABOUT_RETURN_TYPE = YES_ERROR;
				GCC_WARN_UNDECLARED_SELECTOR = YES;
				GCC_WARN_UNINITIALIZED_AUTOS = YES_AGGRESSIVE;
				GCC_WARN_UNUSED_FUNCTION = YES;
				GCC_WARN_UNUSED_VARIABLE = YES;
				IPHONEOS_DEPLOYMENT_TARGET = 15.5;
				MTL_ENABLE_DEBUG_INFO = NO;
				MTL_FAST_MATH = YES;
				SDKROOT = iphoneos;
				SWIFT_COMPILATION_MODE = wholemodule;
				SWIFT_OPTIMIZATION_LEVEL = "-O";
				VALIDATE_PRODUCT = YES;
			};
			name = Release;
		};
		5A9B348F28A8D206001259E2 /* Debug */ = {
			isa = XCBuildConfiguration;
			baseConfigurationReference = 5A9B34A828A8D277001259E2 /* Config.xcconfig */;
			buildSettings = {
				ASSETCATALOG_COMPILER_APPICON_NAME = AppIcon;
				ASSETCATALOG_COMPILER_GLOBAL_ACCENT_COLOR_NAME = AccentColor;
				CODE_SIGN_STYLE = Automatic;
				CURRENT_PROJECT_VERSION = 1;
				DEVELOPMENT_ASSET_PATHS = "\"kakao-login-tutorial/Preview Content\"";
				DEVELOPMENT_TEAM = 635K2CA7QZ;
				ENABLE_PREVIEWS = YES;
				GENERATE_INFOPLIST_FILE = YES;
				INFOPLIST_FILE = "kakao-login-tutorial/Info.plist";
				INFOPLIST_KEY_UIApplicationSceneManifest_Generation = YES;
				INFOPLIST_KEY_UIApplicationSupportsIndirectInputEvents = YES;
				INFOPLIST_KEY_UILaunchScreen_Generation = YES;
				INFOPLIST_KEY_UISupportedInterfaceOrientations_iPad = "UIInterfaceOrientationPortrait UIInterfaceOrientationPortraitUpsideDown UIInterfaceOrientationLandscapeLeft UIInterfaceOrientationLandscapeRight";
				INFOPLIST_KEY_UISupportedInterfaceOrientations_iPhone = "UIInterfaceOrientationPortrait UIInterfaceOrientationLandscapeLeft UIInterfaceOrientationLandscapeRight";
				LD_RUNPATH_SEARCH_PATHS = (
					"$(inherited)",
					"@executable_path/Frameworks",
				);
				MARKETING_VERSION = 1.0;
				PRODUCT_BUNDLE_IDENTIFIER = "com.Volumme.kakao-login-tutorial";
				PRODUCT_NAME = "$(TARGET_NAME)";
				SWIFT_EMIT_LOC_STRINGS = YES;
				SWIFT_VERSION = 5.0;
				TARGETED_DEVICE_FAMILY = "1,2";
			};
			name = Debug;
		};
		5A9B349028A8D206001259E2 /* Release */ = {
			isa = XCBuildConfiguration;
			baseConfigurationReference = 5A9B34A828A8D277001259E2 /* Config.xcconfig */;
			buildSettings = {
				ASSETCATALOG_COMPILER_APPICON_NAME = AppIcon;
				ASSETCATALOG_COMPILER_GLOBAL_ACCENT_COLOR_NAME = AccentColor;
				CODE_SIGN_STYLE = Automatic;
				CURRENT_PROJECT_VERSION = 1;
				DEVELOPMENT_ASSET_PATHS = "\"kakao-login-tutorial/Preview Content\"";
				DEVELOPMENT_TEAM = 635K2CA7QZ;
				ENABLE_PREVIEWS = YES;
				GENERATE_INFOPLIST_FILE = YES;
				INFOPLIST_FILE = "kakao-login-tutorial/Info.plist";
				INFOPLIST_KEY_UIApplicationSceneManifest_Generation = YES;
				INFOPLIST_KEY_UIApplicationSupportsIndirectInputEvents = YES;
				INFOPLIST_KEY_UILaunchScreen_Generation = YES;
				INFOPLIST_KEY_UISupportedInterfaceOrientations_iPad = "UIInterfaceOrientationPortrait UIInterfaceOrientationPortraitUpsideDown UIInterfaceOrientationLandscapeLeft UIInterfaceOrientationLandscapeRight";
				INFOPLIST_KEY_UISupportedInterfaceOrientations_iPhone = "UIInterfaceOrientationPortrait UIInterfaceOrientationLandscapeLeft UIInterfaceOrientationLandscapeRight";
				LD_RUNPATH_SEARCH_PATHS = (
					"$(inherited)",
					"@executable_path/Frameworks",
				);
				MARKETING_VERSION = 1.0;
				PRODUCT_BUNDLE_IDENTIFIER = "com.Volumme.kakao-login-tutorial";
				PRODUCT_NAME = "$(TARGET_NAME)";
				SWIFT_EMIT_LOC_STRINGS = YES;
				SWIFT_VERSION = 5.0;
				TARGETED_DEVICE_FAMILY = "1,2";
			};
			name = Release;
		};
/* End XCBuildConfiguration section */

/* Begin XCConfigurationList section */
		5A9B347B28A8D205001259E2 /* Build configuration list for PBXProject "kakao-login-tutorial" */ = {
			isa = XCConfigurationList;
			buildConfigurations = (
				5A9B348C28A8D206001259E2 /* Debug */,
				5A9B348D28A8D206001259E2 /* Release */,
			);
			defaultConfigurationIsVisible = 0;
			defaultConfigurationName = Release;
		};
		5A9B348E28A8D206001259E2 /* Build configuration list for PBXNativeTarget "kakao-login-tutorial" */ = {
			isa = XCConfigurationList;
			buildConfigurations = (
				5A9B348F28A8D206001259E2 /* Debug */,
				5A9B349028A8D206001259E2 /* Release */,
			);
			defaultConfigurationIsVisible = 0;
			defaultConfigurationName = Release;
		};
/* End XCConfigurationList section */

/* Begin XCRemoteSwiftPackageReference section */
		5A9B349128A8D22F001259E2 /* XCRemoteSwiftPackageReference "kakao-ios-sdk" */ = {
			isa = XCRemoteSwiftPackageReference;
			repositoryURL = "https://github.com/kakao/kakao-ios-sdk";
			requirement = {
				branch = master;
				kind = branch;
			};
		};
/* End XCRemoteSwiftPackageReference section */

/* Begin XCSwiftPackageProductDependency section */
		5A9B349228A8D22F001259E2 /* KakaoSDK */ = {
			isa = XCSwiftPackageProductDependency;
			package = 5A9B349128A8D22F001259E2 /* XCRemoteSwiftPackageReference "kakao-ios-sdk" */;
			productName = KakaoSDK;
		};
		5A9B349428A8D22F001259E2 /* KakaoSDKAuth */ = {
			isa = XCSwiftPackageProductDependency;
			package = 5A9B349128A8D22F001259E2 /* XCRemoteSwiftPackageReference "kakao-ios-sdk" */;
			productName = KakaoSDKAuth;
		};
		5A9B349628A8D22F001259E2 /* KakaoSDKCommon */ = {
			isa = XCSwiftPackageProductDependency;
			package = 5A9B349128A8D22F001259E2 /* XCRemoteSwiftPackageReference "kakao-ios-sdk" */;
			productName = KakaoSDKCommon;
		};
		5A9B349828A8D22F001259E2 /* KakaoSDKCommonCore */ = {
			isa = XCSwiftPackageProductDependency;
			package = 5A9B349128A8D22F001259E2 /* XCRemoteSwiftPackageReference "kakao-ios-sdk" */;
			productName = KakaoSDKCommonCore;
		};
		5A9B349A28A8D22F001259E2 /* KakaoSDKNavi */ = {
			isa = XCSwiftPackageProductDependency;
			package = 5A9B349128A8D22F001259E2 /* XCRemoteSwiftPackageReference "kakao-ios-sdk" */;
			productName = KakaoSDKNavi;
		};
		5A9B349C28A8D22F001259E2 /* KakaoSDKShare */ = {
			isa = XCSwiftPackageProductDependency;
			package = 5A9B349128A8D22F001259E2 /* XCRemoteSwiftPackageReference "kakao-ios-sdk" */;
			productName = KakaoSDKShare;
		};
		5A9B349E28A8D22F001259E2 /* KakaoSDKStory */ = {
			isa = XCSwiftPackageProductDependency;
			package = 5A9B349128A8D22F001259E2 /* XCRemoteSwiftPackageReference "kakao-ios-sdk" */;
			productName = KakaoSDKStory;
		};
		5A9B34A028A8D22F001259E2 /* KakaoSDKTalk */ = {
			isa = XCSwiftPackageProductDependency;
			package = 5A9B349128A8D22F001259E2 /* XCRemoteSwiftPackageReference "kakao-ios-sdk" */;
			productName = KakaoSDKTalk;
		};
		5A9B34A228A8D22F001259E2 /* KakaoSDKTemplate */ = {
			isa = XCSwiftPackageProductDependency;
			package = 5A9B349128A8D22F001259E2 /* XCRemoteSwiftPackageReference "kakao-ios-sdk" */;
			productName = KakaoSDKTemplate;
		};
		5A9B34A428A8D22F001259E2 /* KakaoSDKUser */ = {
			isa = XCSwiftPackageProductDependency;
			package = 5A9B349128A8D22F001259E2 /* XCRemoteSwiftPackageReference "kakao-ios-sdk" */;
			productName = KakaoSDKUser;
		};
/* End XCSwiftPackageProductDependency section */
	};
	rootObject = 5A9B347828A8D205001259E2 /* Project object */;
}
